{
    "_readme": [
        "This file locks the dependencies of your project to a known state",
        "Read more about it at https://getcomposer.org/doc/01-basic-usage.md#installing-dependencies",
        "This file is @generated automatically"
    ],
    "content-hash": "bbc01a92fcf919c2f096497a696c5fff",
    "packages": [
        {
            "name": "zubzet/framework",
            "version": "0.11.0",
            "source": {
                "type": "git",
                "url": "https://github.com/zubzet/framework.git",
                "reference": "dd14d61fa66a19f644d3fe638a3ba3e65edbdf5d"
            },
            "dist": {
                "type": "zip",
                "url": "https://api.github.com/repos/zubzet/framework/zipball/dd14d61fa66a19f644d3fe638a3ba3e65edbdf5d",
                "reference": "dd14d61fa66a19f644d3fe638a3ba3e65edbdf5d",
                "shasum": ""
            },
            "require": {
                "php": ">=8.0",
                "zubzet/password-hash-utilities": "1.0.*"
            },
            "type": "library",
            "autoload": {
                "psr-4": {
                    "ZubZet\\": "src/"
                },
                "classmap": [
                    "main.php"
                ]
            },
            "notification-url": "https://packagist.org/downloads/",
            "license": [
                "GPL-3.0-or-later"
            ],
            "support": {
                "issues": "https://github.com/zubzet/framework/issues",
                "source": "https://github.com/zubzet/framework/tree/0.11.0",
                "wiki": "https://docs.zubzet.de"
            },
            "time": "2025-07-14T15:56:32+00:00"
        },
        {
            "name": "zubzet/password-hash-utilities",
            "version": "1.0.0",
            "source": {
                "type": "git",
                "url": "https://github.com/zubzet/password-hash-utilities.git",
                "reference": "eb0bdabf3cd8814a75327334afc9bb312749bde5"
            },
            "dist": {
                "type": "zip",
                "url": "https://api.github.com/repos/zubzet/password-hash-utilities/zipball/eb0bdabf3cd8814a75327334afc9bb312749bde5",
                "reference": "eb0bdabf3cd8814a75327334afc9bb312749bde5",
                "shasum": ""
            },
            "require": {
                "php": ">=8.0"
            },
            "type": "li",
            "autoload": {
                "psr-4": {
                    "ZubZet\\Utilities\\PasswordHash\\": "src/"
                }
            },
            "notification-url": "https://packagist.org/downloads/",
            "license": [
                "GPL-3.0-or-later"
            ],
            "authors": [
                {
                    "name": "Alexander Zierhut",
                    "email": "alex@zierhut-it.de"
                }
            ],
            "support": {
                "issues": "https://github.com/zubzet/password-hash-utilities/issues",
                "source": "https://github.com/zubzet/password-hash-utilities/tree/1.0.0"
            },
            "time": "2022-04-17T20:50:04+00:00"
        }
    ],
    "packages-dev": [],
    "aliases": [],
    "minimum-stability": "stable",
    "stability-flags": [],
    "prefer-stable": false,
    "prefer-lowest": false,
    "platform": [],
    "platform-dev": [],
    "plugin-api-version": "2.6.0"
}
